
Microsoft Visual Studio Solution File, Format Version 12.00
# Visual Studio Version 16
VisualStudioVersion = 16.0.30523.141
MinimumVisualStudioVersion = 10.0.40219.1
Project("{9A19103F-16F7-4668-BE54-9A1E7A4F7556}") = "Pension-Management-Portal", "Pension-Management-Portal.csproj", "{100A5905-110D-483A-8B0D-A576435CECEA}"
EndProject
Project("{9A19103F-16F7-4668-BE54-9A1E7A4F7556}") = "AuthorizationAPI", "..\..\Authorization-main\Authorization-main\AuthorizationAPI\AuthorizationAPI.csproj", "{7EFD8092-5F0B-4816-85E4-23B2CD34108D}"
EndProject
Project("{9A19103F-16F7-4668-BE54-9A1E7A4F7556}") = "Pensioner_Details", "..\..\MFPE---PensionDetails-main\MFPE---PensionDetails-main\Pensioner_Details\Pensioner_Details.csproj", "{6E4940F6-68DA-42B3-8FC1-3F1B36E47D10}"
EndProject
Project("{9A19103F-16F7-4668-BE54-9A1E7A4F7556}") = "ProcessPension", "..\..\MFPE-ProcessPensionAPI-main\MFPE-ProcessPensionAPI-main\ProcessPension\ProcessPension.csproj", "{BD047D79-4409-4D4E-A70A-19F7C8866AAE}"
EndProject
Project("{9A19103F-16F7-4668-BE54-9A1E7A4F7556}") = "PensionDisbursement", "..\..\MFPE-PensionDisbursementAPI-main\MFPE-PensionDisbursementAPI-main\PensionDisbursement\PensionDisbursement.csproj", "{F7495A53-3E3A-4FBA-96C2-E2BB1EF5F6D1}"
EndProject
Global
	GlobalSection(SolutionConfigurationPlatforms) = preSolution
		Debug|Any CPU = Debug|Any CPU
		Release|Any CPU = Release|Any CPU
	EndGlobalSection
	GlobalSection(ProjectConfigurationPlatforms) = postSolution
		{100A5905-110D-483A-8B0D-A576435CECEA}.Debug|Any CPU.ActiveCfg = Debug|Any CPU
		{100A5905-110D-483A-8B0D-A576435CECEA}.Debug|Any CPU.Build.0 = Debug|Any CPU
		{100A5905-110D-483A-8B0D-A576435CECEA}.Release|Any CPU.ActiveCfg = Release|Any CPU
		{100A5905-110D-483A-8B0D-A576435CECEA}.Release|Any CPU.Build.0 = Release|Any CPU
		{7EFD8092-5F0B-4816-85E4-23B2CD34108D}.Debug|Any CPU.ActiveCfg = Debug|Any CPU
		{7EFD8092-5F0B-4816-85E4-23B2CD34108D}.Debug|Any CPU.Build.0 = Debug|Any CPU
		{7EFD8092-5F0B-4816-85E4-23B2CD34108D}.Release|Any CPU.ActiveCfg = Release|Any CPU
		{7EFD8092-5F0B-4816-85E4-23B2CD34108D}.Release|Any CPU.Build.0 = Release|Any CPU
		{6E4940F6-68DA-42B3-8FC1-3F1B36E47D10}.Debug|Any CPU.ActiveCfg = Debug|Any CPU
		{6E4940F6-68DA-42B3-8FC1-3F1B36E47D10}.Debug|Any CPU.Build.0 = Debug|Any CPU
		{6E4940F6-68DA-42B3-8FC1-3F1B36E47D10}.Release|Any CPU.ActiveCfg = Release|Any CPU
		{6E4940F6-68DA-42B3-8FC1-3F1B36E47D10}.Release|Any CPU.Build.0 = Release|Any CPU
		{BD047D79-4409-4D4E-A70A-19F7C8866AAE}.Debug|Any CPU.ActiveCfg = Debug|Any CPU
		{BD047D79-4409-4D4E-A70A-19F7C8866AAE}.Debug|Any CPU.Build.0 = Debug|Any CPU
		{BD047D79-4409-4D4E-A70A-19F7C8866AAE}.Release|Any CPU.ActiveCfg = Release|Any CPU
		{BD047D79-4409-4D4E-A70A-19F7C8866AAE}.Release|Any CPU.Build.0 = Release|Any CPU
		{F7495A53-3E3A-4FBA-96C2-E2BB1EF5F6D1}.Debug|Any CPU.ActiveCfg = Debug|Any CPU
		{F7495A53-3E3A-4FBA-96C2-E2BB1EF5F6D1}.Debug|Any CPU.Build.0 = Debug|Any CPU
		{F7495A53-3E3A-4FBA-96C2-E2BB1EF5F6D1}.Release|Any CPU.ActiveCfg = Release|Any CPU
		{F7495A53-3E3A-4FBA-96C2-E2BB1EF5F6D1}.Release|Any CPU.Build.0 = Release|Any CPU
	EndGlobalSection
	GlobalSection(SolutionProperties) = preSolution
		HideSolutionNode = FALSE
	EndGlobalSection
	GlobalSection(ExtensibilityGlobals) = postSolution
		SolutionGuid = {3CDD756C-D727-4482-8E37-90646D886191}
	EndGlobalSection
EndGlobal
